# This file is generated automatically by Poet
# from the poetry.toml configuration file.
#
# This file should not be modified directly.

[root]
name = "alohomora"
version = "0.1.0"


[[package]]
name = "asn1crypto"
version = "0.22.0"
category = "main"
optional = false
checksum = [
    "sha256:d232509fefcfcdb9a331f37e9c9dc20441019ad927c7d2176cf18ed5da0ba097",
    "sha256:cbbadd640d3165ab24b06ef25d1dca09a3441611ac15f6a6b452474fdf0aed1a"
]
python = [
    "*"
]

[[package]]
name = "boto3"
version = "1.4.4"
category = "main"
optional = false
checksum = [
    "sha256:518f724c4758e5a5bed114fbcbd1cf470a15306d416ff421a025b76f1d390939",
    "sha256:5050c29353fec97301116386f469fa5858ccf47201623b53cf9f74e603bda52f"
]
python = [
    "*"
]

[[package]]
name = "botocore"
version = "1.5.45"
category = "main"
optional = false
checksum = [
    "sha256:61d61aac9a836ca89e31c7e82fb15398c47ed98fab88daf36611f4c63e367a7f",
    "sha256:d7e8aa20d56ecb323a5d89685110d037b8ec93276f5d6b1322a0139b6b912516"
]
python = [
    "*"
]

[[package]]
name = "cffi"
version = "1.10.0"
category = "main"
optional = false
checksum = [
    "sha256:b3b02911eb1f6ada203b0763ba924234629b51586f72a21faacc638269f4ced5",
    "sha256:e7175287f7fe7b1cc203bb958b17db40abd732690c1e18e700f10e0843a58598"
]
python = [
    "*"
]

[[package]]
name = "click"
version = "6.0"
category = "main"
optional = false
checksum = [
    "sha256:3972ee95a32181e9069040414dd7c77001e9404c3c4d295300cdca06a8db026d",
    "sha256:561a954a8740f1fc9c101679f43f3b75499192de1c44fbc05a5c27877047a76f"
]
python = [
    "*"
]

[[package]]
name = "credstash"
version = "1.13.2"
category = "main"
optional = false
checksum = [
    "sha256:b6283e565e3e441e8f74efcca54ece9697db16ce2e930fb5b6f7c0ab929c377e"
]
python = [
    "*"
]

[[package]]
name = "cryptography"
version = "1.8.1"
category = "main"
optional = false
checksum = [
    "sha256:323524312bb467565ebca7e50c8ae5e9674e544951d28a2904a50012a8828190"
]
python = [
    "*"
]

[[package]]
name = "docutils"
version = "0.13.1"
category = "main"
optional = false
checksum = [
    "sha256:718c0f5fb677be0f34b781e04241c4067cbd9327b66bdd8e763201130f5175be",
    "sha256:cb3ebcb09242804f84bdbf0b26504077a054da6772c6f4d625f335cc53ebf94d"
]
python = [
    "*"
]

[[package]]
name = "idna"
version = "2.5"
category = "main"
optional = false
checksum = [
    "sha256:cc19709fd6d0cbfed39ea875d29ba6d4e22c0cebc510a76d6302a28385e8bb70",
    "sha256:3cb5ce08046c4e3a560fc02f138d0ac63e00f8ce5901a56b32ec8b7994082aab"
]
python = [
    "*"
]

[[package]]
name = "jmespath"
version = "0.9.2"
category = "main"
optional = false
checksum = [
    "sha256:54c441e2e08b23f12d7fa7d8e6761768c47c969e6aed10eead57505ba760aee9",
    "sha256:3f03b90ac8e0f3ba472e8ebff083e460c89501d8d41979771535efe9a343177e"
]
python = [
    "*"
]

[[package]]
name = "packaging"
version = "16.8"
category = "main"
optional = false
checksum = [
    "sha256:99276dc6e3a7851f32027a68f1095cd3f77c148091b092ea867a351811cfe388",
    "sha256:5d50835fdf0a7edf0b55e311b7c887786504efea1177abd7e69329a8e5ea619e"
]
python = [
    "*"
]

[[package]]
name = "pycparser"
version = "2.17"
category = "main"
optional = false
checksum = [
    "sha256:0aac31e917c24cb3357f5a4d5566f2cc91a19ca41862f6c3c22dc60a629673b6"
]
python = [
    "*"
]

[[package]]
name = "pypandoc"
version = "1.4"
category = "main"
optional = true
checksum = [
    "sha256:e914e6d5f84a76764887e4d909b09d63308725f0cbb5293872c2c92f07c11a5b"
]
python = [
    "*"
]

[[package]]
name = "pyparsing"
version = "2.2.0"
category = "main"
optional = false
checksum = [
    "sha256:fee43f17a9c4087e7ed1605bd6df994c6173c1e977d7ade7b651292fab2bd010",
    "sha256:0832bcf47acd283788593e7a0f542407bd9550a55a8a8435214a1960e04bcb04"
]
python = [
    "*"
]

[[package]]
name = "python-dateutil"
version = "2.6.0"
category = "main"
optional = false
checksum = [
    "sha256:3acbef017340600e9ff8f2994d8f7afd6eacb295383f286466a6df3961e486f0",
    "sha256:537bf2a8f8ce6f6862ad705cd68f9e405c0b5db014aa40fa29eab4335d4b1716",
    "sha256:62a2f8df3d66f878373fd0072eacf4ee52194ba302e00082828e0d263b0418d2"
]
python = [
    "*"
]

[[package]]
name = "s3transfer"
version = "0.1.10"
category = "main"
optional = false
checksum = [
    "sha256:ba1a9104939b7c0331dc4dd234d79afeed8b66edce77bbeeecd4f56de74a0fc1",
    "sha256:bc52f38637f37572ae180c08a2dd87a4825b46713797633aab6e1a42d6b2b8ff"
]
python = [
    "*"
]

[[package]]
name = "six"
version = "1.10.0"
category = "main"
optional = false
checksum = [
    "sha256:0ff78c403d9bccf5a425a6d31a12aa6b47f1c21ca4dc2573a7e2f32a97335eb1",
    "sha256:105f8d68616f8248e24bf0e9372ef04d3cc10104f1980f54d57b2ce73a5ad56a"
]
python = [
    "*"
]

[[package]]
name = "wheel"
version = "0.29.0"
category = "main"
optional = true
checksum = [
    "sha256:1ebb8ad7e26b448e9caa4773d2357849bf80ff9e313964bcaf79cbf0201a1648",
    "sha256:ea8033fc9905804e652f75474d33410a07404c1a78dd3c949a66863bd1050ebd"
]
python = [
    "*"
]

